
Microsoft Visual Studio Solution File, Format Version 12.00
# Visual Studio Version 16
VisualStudioVersion = 16.0.30611.23
MinimumVisualStudioVersion = 10.0.40219.1
Project("{FAE04EC0-301F-11D3-BF4B-00C04F79EFBC}") = "Lab3TVEx2", "Lab3TVEx2\Lab3TVEx2.csproj", "{FF345093-E38B-4EDF-9CFF-DBE7BEFED038}"
EndProject
Global
	GlobalSection(SolutionConfigurationPlatforms) = preSolution
		Debug|Any CPU = Debug|Any CPU
		Release|Any CPU = Release|Any CPU
	EndGlobalSection
	GlobalSection(ProjectConfigurationPlatforms) = postSolution
		{FF345093-E38B-4EDF-9CFF-DBE7BEFED038}.Debug|Any CPU.ActiveCfg = Debug|Any CPU
		{FF345093-E38B-4EDF-9CFF-DBE7BEFED038}.Debug|Any CPU.Build.0 = Debug|Any CPU
		{FF345093-E38B-4EDF-9CFF-DBE7BEFED038}.Release|Any CPU.ActiveCfg = Release|Any CPU
		{FF345093-E38B-4EDF-9CFF-DBE7BEFED038}.Release|Any CPU.Build.0 = Release|Any CPU
	EndGlobalSection
	GlobalSection(SolutionProperties) = preSolution
		HideSolutionNode = FALSE
	EndGlobalSection
	GlobalSection(ExtensibilityGlobals) = postSolution
		SolutionGuid = {8286C12E-0960-4CC6-AF83-892D758D7234}
	EndGlobalSection
EndGlobal
