
Microsoft Visual Studio Solution File, Format Version 12.00
# Visual Studio Version 16
VisualStudioVersion = 16.0.30503.244
MinimumVisualStudioVersion = 10.0.40219.1
Project("{FAE04EC0-301F-11D3-BF4B-00C04F79EFBC}") = "LAB6_Ex1", "LAB6_Ex1\LAB6_Ex1.csproj", "{7524B732-5819-4144-B76A-AA5D6869C4F7}"
EndProject
Global
	GlobalSection(SolutionConfigurationPlatforms) = preSolution
		Debug|Any CPU = Debug|Any CPU
		Release|Any CPU = Release|Any CPU
	EndGlobalSection
	GlobalSection(ProjectConfigurationPlatforms) = postSolution
		{7524B732-5819-4144-B76A-AA5D6869C4F7}.Debug|Any CPU.ActiveCfg = Debug|Any CPU
		{7524B732-5819-4144-B76A-AA5D6869C4F7}.Debug|Any CPU.Build.0 = Debug|Any CPU
		{7524B732-5819-4144-B76A-AA5D6869C4F7}.Release|Any CPU.ActiveCfg = Release|Any CPU
		{7524B732-5819-4144-B76A-AA5D6869C4F7}.Release|Any CPU.Build.0 = Release|Any CPU
	EndGlobalSection
	GlobalSection(SolutionProperties) = preSolution
		HideSolutionNode = FALSE
	EndGlobalSection
	GlobalSection(ExtensibilityGlobals) = postSolution
		SolutionGuid = {5F8298EA-B0A0-42C6-9B8A-73B8F385CE62}
	EndGlobalSection
EndGlobal
