
Microsoft Visual Studio Solution File, Format Version 12.00
# Visual Studio Version 16
VisualStudioVersion = 16.0.30523.141
MinimumVisualStudioVersion = 10.0.40219.1
Project("{FAE04EC0-301F-11D3-BF4B-00C04F79EFBC}") = "Lab2FPTEx2", "Lab2FPTEx2\Lab2FPTEx2.csproj", "{431A0EA1-1DA3-4B13-88BA-22988B201FEE}"
EndProject
Global
	GlobalSection(SolutionConfigurationPlatforms) = preSolution
		Debug|Any CPU = Debug|Any CPU
		Release|Any CPU = Release|Any CPU
	EndGlobalSection
	GlobalSection(ProjectConfigurationPlatforms) = postSolution
		{431A0EA1-1DA3-4B13-88BA-22988B201FEE}.Debug|Any CPU.ActiveCfg = Debug|Any CPU
		{431A0EA1-1DA3-4B13-88BA-22988B201FEE}.Debug|Any CPU.Build.0 = Debug|Any CPU
		{431A0EA1-1DA3-4B13-88BA-22988B201FEE}.Release|Any CPU.ActiveCfg = Release|Any CPU
		{431A0EA1-1DA3-4B13-88BA-22988B201FEE}.Release|Any CPU.Build.0 = Release|Any CPU
	EndGlobalSection
	GlobalSection(SolutionProperties) = preSolution
		HideSolutionNode = FALSE
	EndGlobalSection
	GlobalSection(ExtensibilityGlobals) = postSolution
		SolutionGuid = {EF801F1C-20EA-4A50-9C80-B301AA3CC104}
	EndGlobalSection
EndGlobal
