
Microsoft Visual Studio Solution File, Format Version 12.00
# Visual Studio Version 16
VisualStudioVersion = 16.0.29123.88
MinimumVisualStudioVersion = 10.0.40219.1
Project("{FAE04EC0-301F-11D3-BF4B-00C04F79EFBC}") = "Lab5_Lamthem_Bai3", "Lab5_Lamthem_Bai3\Lab5_Lamthem_Bai3.csproj", "{985A22C7-F7A3-4A68-9A28-8900392B55E2}"
EndProject
Project("{FAE04EC0-301F-11D3-BF4B-00C04F79EFBC}") = "Bai1", "Bai1\Bai1.csproj", "{994B6BA2-60EB-4048-8056-CCC87DB3B397}"
EndProject
Global
	GlobalSection(SolutionConfigurationPlatforms) = preSolution
		Debug|Any CPU = Debug|Any CPU
		Release|Any CPU = Release|Any CPU
	EndGlobalSection
	GlobalSection(ProjectConfigurationPlatforms) = postSolution
		{985A22C7-F7A3-4A68-9A28-8900392B55E2}.Debug|Any CPU.ActiveCfg = Debug|Any CPU
		{985A22C7-F7A3-4A68-9A28-8900392B55E2}.Debug|Any CPU.Build.0 = Debug|Any CPU
		{985A22C7-F7A3-4A68-9A28-8900392B55E2}.Release|Any CPU.ActiveCfg = Release|Any CPU
		{985A22C7-F7A3-4A68-9A28-8900392B55E2}.Release|Any CPU.Build.0 = Release|Any CPU
		{994B6BA2-60EB-4048-8056-CCC87DB3B397}.Debug|Any CPU.ActiveCfg = Debug|Any CPU
		{994B6BA2-60EB-4048-8056-CCC87DB3B397}.Debug|Any CPU.Build.0 = Debug|Any CPU
		{994B6BA2-60EB-4048-8056-CCC87DB3B397}.Release|Any CPU.ActiveCfg = Release|Any CPU
		{994B6BA2-60EB-4048-8056-CCC87DB3B397}.Release|Any CPU.Build.0 = Release|Any CPU
	EndGlobalSection
	GlobalSection(SolutionProperties) = preSolution
		HideSolutionNode = FALSE
	EndGlobalSection
	GlobalSection(ExtensibilityGlobals) = postSolution
		SolutionGuid = {A8C8F7CA-A5DF-442E-94F8-D7673F33B438}
	EndGlobalSection
EndGlobal
