
Microsoft Visual Studio Solution File, Format Version 12.00
# Visual Studio Version 16
VisualStudioVersion = 16.0.30523.141
MinimumVisualStudioVersion = 10.0.40219.1
Project("{FAE04EC0-301F-11D3-BF4B-00C04F79EFBC}") = "GaussTrick", "GaussTrick\GaussTrick.csproj", "{063C282A-81FE-4984-83FC-F2167FA69F22}"
EndProject
Global
	GlobalSection(SolutionConfigurationPlatforms) = preSolution
		Debug|Any CPU = Debug|Any CPU
		Release|Any CPU = Release|Any CPU
	EndGlobalSection
	GlobalSection(ProjectConfigurationPlatforms) = postSolution
		{063C282A-81FE-4984-83FC-F2167FA69F22}.Debug|Any CPU.ActiveCfg = Debug|Any CPU
		{063C282A-81FE-4984-83FC-F2167FA69F22}.Debug|Any CPU.Build.0 = Debug|Any CPU
		{063C282A-81FE-4984-83FC-F2167FA69F22}.Release|Any CPU.ActiveCfg = Release|Any CPU
		{063C282A-81FE-4984-83FC-F2167FA69F22}.Release|Any CPU.Build.0 = Release|Any CPU
	EndGlobalSection
	GlobalSection(SolutionProperties) = preSolution
		HideSolutionNode = FALSE
	EndGlobalSection
	GlobalSection(ExtensibilityGlobals) = postSolution
		SolutionGuid = {6C3A4D08-10CD-494B-B02E-D680A5BA66B7}
	EndGlobalSection
EndGlobal
