
Microsoft Visual Studio Solution File, Format Version 12.00
# Visual Studio Version 16
VisualStudioVersion = 16.0.30523.141
MinimumVisualStudioVersion = 10.0.40219.1
Project("{FAE04EC0-301F-11D3-BF4B-00C04F79EFBC}") = "Lab2TVEx1", "Lab2TVEx1\Lab2TVEx1.csproj", "{C7D3392B-3EEE-40A7-806D-AC68B511C3BA}"
EndProject
Global
	GlobalSection(SolutionConfigurationPlatforms) = preSolution
		Debug|Any CPU = Debug|Any CPU
		Release|Any CPU = Release|Any CPU
	EndGlobalSection
	GlobalSection(ProjectConfigurationPlatforms) = postSolution
		{C7D3392B-3EEE-40A7-806D-AC68B511C3BA}.Debug|Any CPU.ActiveCfg = Debug|Any CPU
		{C7D3392B-3EEE-40A7-806D-AC68B511C3BA}.Debug|Any CPU.Build.0 = Debug|Any CPU
		{C7D3392B-3EEE-40A7-806D-AC68B511C3BA}.Release|Any CPU.ActiveCfg = Release|Any CPU
		{C7D3392B-3EEE-40A7-806D-AC68B511C3BA}.Release|Any CPU.Build.0 = Release|Any CPU
	EndGlobalSection
	GlobalSection(SolutionProperties) = preSolution
		HideSolutionNode = FALSE
	EndGlobalSection
	GlobalSection(ExtensibilityGlobals) = postSolution
		SolutionGuid = {DE27FB80-FA4C-4720-A6DF-A2A65415B18D}
	EndGlobalSection
EndGlobal
