
Microsoft Visual Studio Solution File, Format Version 12.00
# Visual Studio Version 16
VisualStudioVersion = 16.0.30517.126
MinimumVisualStudioVersion = 10.0.40219.1
Project("{FAE04EC0-301F-11D3-BF4B-00C04F79EFBC}") = "Lab1Bai3", "Lab1Bai3\Lab1Bai3.csproj", "{58F8D396-0917-4EDB-A2C1-16D22103EBBC}"
EndProject
Global
	GlobalSection(SolutionConfigurationPlatforms) = preSolution
		Debug|Any CPU = Debug|Any CPU
		Release|Any CPU = Release|Any CPU
	EndGlobalSection
	GlobalSection(ProjectConfigurationPlatforms) = postSolution
		{58F8D396-0917-4EDB-A2C1-16D22103EBBC}.Debug|Any CPU.ActiveCfg = Debug|Any CPU
		{58F8D396-0917-4EDB-A2C1-16D22103EBBC}.Debug|Any CPU.Build.0 = Debug|Any CPU
		{58F8D396-0917-4EDB-A2C1-16D22103EBBC}.Release|Any CPU.ActiveCfg = Release|Any CPU
		{58F8D396-0917-4EDB-A2C1-16D22103EBBC}.Release|Any CPU.Build.0 = Release|Any CPU
	EndGlobalSection
	GlobalSection(SolutionProperties) = preSolution
		HideSolutionNode = FALSE
	EndGlobalSection
	GlobalSection(ExtensibilityGlobals) = postSolution
		SolutionGuid = {EA2F8715-F8B1-4CB8-A5C3-339EA85FB895}
	EndGlobalSection
EndGlobal
