
Microsoft Visual Studio Solution File, Format Version 12.00
# Visual Studio Version 16
VisualStudioVersion = 16.0.30611.23
MinimumVisualStudioVersion = 10.0.40219.1
Project("{FAE04EC0-301F-11D3-BF4B-00C04F79EFBC}") = "Lab4TVEx1", "Lab4TVEx1\Lab4TVEx1.csproj", "{A0A110E0-5901-4365-976E-B2CD5B7C8EC2}"
EndProject
Global
	GlobalSection(SolutionConfigurationPlatforms) = preSolution
		Debug|Any CPU = Debug|Any CPU
		Release|Any CPU = Release|Any CPU
	EndGlobalSection
	GlobalSection(ProjectConfigurationPlatforms) = postSolution
		{A0A110E0-5901-4365-976E-B2CD5B7C8EC2}.Debug|Any CPU.ActiveCfg = Debug|Any CPU
		{A0A110E0-5901-4365-976E-B2CD5B7C8EC2}.Debug|Any CPU.Build.0 = Debug|Any CPU
		{A0A110E0-5901-4365-976E-B2CD5B7C8EC2}.Release|Any CPU.ActiveCfg = Release|Any CPU
		{A0A110E0-5901-4365-976E-B2CD5B7C8EC2}.Release|Any CPU.Build.0 = Release|Any CPU
	EndGlobalSection
	GlobalSection(SolutionProperties) = preSolution
		HideSolutionNode = FALSE
	EndGlobalSection
	GlobalSection(ExtensibilityGlobals) = postSolution
		SolutionGuid = {0E4F7C91-7DBE-4392-83FF-9FC5C6B9D81B}
	EndGlobalSection
EndGlobal
