
Microsoft Visual Studio Solution File, Format Version 12.00
# Visual Studio Version 16
VisualStudioVersion = 16.0.30611.23
MinimumVisualStudioVersion = 10.0.40219.1
Project("{FAE04EC0-301F-11D3-BF4B-00C04F79EFBC}") = "Lab5TVEx3", "Lab5TVEx3\Lab5TVEx3.csproj", "{C1D39CB3-EEAF-4A5D-BF2F-94808351C8EB}"
EndProject
Global
	GlobalSection(SolutionConfigurationPlatforms) = preSolution
		Debug|Any CPU = Debug|Any CPU
		Release|Any CPU = Release|Any CPU
	EndGlobalSection
	GlobalSection(ProjectConfigurationPlatforms) = postSolution
		{C1D39CB3-EEAF-4A5D-BF2F-94808351C8EB}.Debug|Any CPU.ActiveCfg = Debug|Any CPU
		{C1D39CB3-EEAF-4A5D-BF2F-94808351C8EB}.Debug|Any CPU.Build.0 = Debug|Any CPU
		{C1D39CB3-EEAF-4A5D-BF2F-94808351C8EB}.Release|Any CPU.ActiveCfg = Release|Any CPU
		{C1D39CB3-EEAF-4A5D-BF2F-94808351C8EB}.Release|Any CPU.Build.0 = Release|Any CPU
	EndGlobalSection
	GlobalSection(SolutionProperties) = preSolution
		HideSolutionNode = FALSE
	EndGlobalSection
	GlobalSection(ExtensibilityGlobals) = postSolution
		SolutionGuid = {FBA3390C-6D6B-4776-B597-A853E7D58A53}
	EndGlobalSection
EndGlobal
